
Microsoft Visual Studio Solution File, Format Version 12.00
# Visual Studio Version 17
VisualStudioVersion = 17.8.34525.116
MinimumVisualStudioVersion = 10.0.40219.1
Project("{9A19103F-16F7-4668-BE54-9A1E7A4F7556}") = "ReceptionCentreNew", "ReceptionCentreNew\ReceptionCentreNew.csproj", "{9A7D7311-F40B-43A7-9927-AC968DB0565F}"
EndProject
Project("{2150E333-8FDC-42A3-9474-1A3956D46DE8}") = "Core", "Core", "{5FAD643F-A20F-4398-824D-958EAB25672E}"
EndProject
Project("{FAE04EC0-301F-11D3-BF4B-00C04F79EFBC}") = "ReceptionCentreNew.Application", "ReceptionCentreNew.Application\ReceptionCentreNew.Application.csproj", "{11D35644-F6B0-43B4-BDAA-BF25DD81D827}"
EndProject
Global
	GlobalSection(SolutionConfigurationPlatforms) = preSolution
		Debug|Any CPU = Debug|Any CPU
		Release|Any CPU = Release|Any CPU
	EndGlobalSection
	GlobalSection(ProjectConfigurationPlatforms) = postSolution
		{9A7D7311-F40B-43A7-9927-AC968DB0565F}.Debug|Any CPU.ActiveCfg = Debug|Any CPU
		{9A7D7311-F40B-43A7-9927-AC968DB0565F}.Debug|Any CPU.Build.0 = Debug|Any CPU
		{9A7D7311-F40B-43A7-9927-AC968DB0565F}.Release|Any CPU.ActiveCfg = Release|Any CPU
		{9A7D7311-F40B-43A7-9927-AC968DB0565F}.Release|Any CPU.Build.0 = Release|Any CPU
		{11D35644-F6B0-43B4-BDAA-BF25DD81D827}.Debug|Any CPU.ActiveCfg = Debug|Any CPU
		{11D35644-F6B0-43B4-BDAA-BF25DD81D827}.Debug|Any CPU.Build.0 = Debug|Any CPU
		{11D35644-F6B0-43B4-BDAA-BF25DD81D827}.Release|Any CPU.ActiveCfg = Release|Any CPU
		{11D35644-F6B0-43B4-BDAA-BF25DD81D827}.Release|Any CPU.Build.0 = Release|Any CPU
	EndGlobalSection
	GlobalSection(SolutionProperties) = preSolution
		HideSolutionNode = FALSE
	EndGlobalSection
	GlobalSection(NestedProjects) = preSolution
		{11D35644-F6B0-43B4-BDAA-BF25DD81D827} = {5FAD643F-A20F-4398-824D-958EAB25672E}
	EndGlobalSection
	GlobalSection(ExtensibilityGlobals) = postSolution
		SolutionGuid = {7A8CC9E1-AA6C-4FFE-9A07-2C4FFC05AF9D}
	EndGlobalSection
EndGlobal
